
Microsoft Visual Studio Solution File, Format Version 12.00
# Visual Studio 15
VisualStudioVersion = 15.0.27004.2009
MinimumVisualStudioVersion = 10.0.40219.1
Project("{FAE04EC0-301F-11D3-BF4B-00C04F79EFBC}") = "TestExample", "TestExample\TestExample.csproj", "{FF773141-3AF5-4EE8-A44C-5EAD50FBC1F5}"
EndProject
Project("{FAE04EC0-301F-11D3-BF4B-00C04F79EFBC}") = "newInherit", "newInherit\newInherit.csproj", "{60DD793E-B3FF-4F29-B805-F900D36E8B7D}"
EndProject
Global
	GlobalSection(SolutionConfigurationPlatforms) = preSolution
		Debug|Any CPU = Debug|Any CPU
		Release|Any CPU = Release|Any CPU
	EndGlobalSection
	GlobalSection(ProjectConfigurationPlatforms) = postSolution
		{FF773141-3AF5-4EE8-A44C-5EAD50FBC1F5}.Debug|Any CPU.ActiveCfg = Debug|Any CPU
		{FF773141-3AF5-4EE8-A44C-5EAD50FBC1F5}.Debug|Any CPU.Build.0 = Debug|Any CPU
		{FF773141-3AF5-4EE8-A44C-5EAD50FBC1F5}.Release|Any CPU.ActiveCfg = Release|Any CPU
		{FF773141-3AF5-4EE8-A44C-5EAD50FBC1F5}.Release|Any CPU.Build.0 = Release|Any CPU
		{60DD793E-B3FF-4F29-B805-F900D36E8B7D}.Debug|Any CPU.ActiveCfg = Debug|Any CPU
		{60DD793E-B3FF-4F29-B805-F900D36E8B7D}.Debug|Any CPU.Build.0 = Debug|Any CPU
		{60DD793E-B3FF-4F29-B805-F900D36E8B7D}.Release|Any CPU.ActiveCfg = Release|Any CPU
		{60DD793E-B3FF-4F29-B805-F900D36E8B7D}.Release|Any CPU.Build.0 = Release|Any CPU
	EndGlobalSection
	GlobalSection(SolutionProperties) = preSolution
		HideSolutionNode = FALSE
	EndGlobalSection
	GlobalSection(ExtensibilityGlobals) = postSolution
		SolutionGuid = {8B211CF0-D57C-470A-B8EC-F0576E2DC10B}
	EndGlobalSection
EndGlobal
